
Microsoft Visual Studio Solution File, Format Version 12.00
# Visual Studio 14
VisualStudioVersion = 14.0.25420.1
MinimumVisualStudioVersion = 10.0.40219.1
Project("{FAE04EC0-301F-11D3-BF4B-00C04F79EFBC}") = "SUCSA", "SUCSA\SUCSA.csproj", "{4730005E-342E-4A7B-A01E-675A32839205}"
EndProject
Project("{FAE04EC0-301F-11D3-BF4B-00C04F79EFBC}") = "SUCSA.DATA", "SUCSA.DATA\SUCSA.DATA.csproj", "{5F3ECA81-5628-4609-9FF4-01249DB6BFE6}"
EndProject
Project("{FAE04EC0-301F-11D3-BF4B-00C04F79EFBC}") = "SUCSA.SERVICE", "SUCSA.SERVICE\SUCSA.SERVICE.csproj", "{A1D23189-04B7-4FFC-916B-98047E1BC01E}"
EndProject
Global
	GlobalSection(SolutionConfigurationPlatforms) = preSolution
		Debug|Any CPU = Debug|Any CPU
		Release|Any CPU = Release|Any CPU
	EndGlobalSection
	GlobalSection(ProjectConfigurationPlatforms) = postSolution
		{4730005E-342E-4A7B-A01E-675A32839205}.Debug|Any CPU.ActiveCfg = Debug|Any CPU
		{4730005E-342E-4A7B-A01E-675A32839205}.Debug|Any CPU.Build.0 = Debug|Any CPU
		{4730005E-342E-4A7B-A01E-675A32839205}.Release|Any CPU.ActiveCfg = Release|Any CPU
		{4730005E-342E-4A7B-A01E-675A32839205}.Release|Any CPU.Build.0 = Release|Any CPU
		{5F3ECA81-5628-4609-9FF4-01249DB6BFE6}.Debug|Any CPU.ActiveCfg = Debug|Any CPU
		{5F3ECA81-5628-4609-9FF4-01249DB6BFE6}.Debug|Any CPU.Build.0 = Debug|Any CPU
		{5F3ECA81-5628-4609-9FF4-01249DB6BFE6}.Release|Any CPU.ActiveCfg = Release|Any CPU
		{5F3ECA81-5628-4609-9FF4-01249DB6BFE6}.Release|Any CPU.Build.0 = Release|Any CPU
		{A1D23189-04B7-4FFC-916B-98047E1BC01E}.Debug|Any CPU.ActiveCfg = Debug|Any CPU
		{A1D23189-04B7-4FFC-916B-98047E1BC01E}.Debug|Any CPU.Build.0 = Debug|Any CPU
		{A1D23189-04B7-4FFC-916B-98047E1BC01E}.Release|Any CPU.ActiveCfg = Release|Any CPU
		{A1D23189-04B7-4FFC-916B-98047E1BC01E}.Release|Any CPU.Build.0 = Release|Any CPU
	EndGlobalSection
	GlobalSection(SolutionProperties) = preSolution
		HideSolutionNode = FALSE
	EndGlobalSection
EndGlobal
